
Microsoft Visual Studio Solution File, Format Version 12.00
# Visual Studio 2013
VisualStudioVersion = 12.0.31101.0
MinimumVisualStudioVersion = 10.0.40219.1
Project("{2150E333-8FDC-42A3-9474-1A3956D46DE8}") = ".nuget", ".nuget", "{2A36149E-4CE9-4ECB-B073-F054A6CE53F4}"
	ProjectSection(SolutionItems) = preProject
		.nuget\NuGet.Config = .nuget\NuGet.Config
		.nuget\NuGet.exe = .nuget\NuGet.exe
		.nuget\NuGet.targets = .nuget\NuGet.targets
	EndProjectSection
EndProject
Project("{FAE04EC0-301F-11D3-BF4B-00C04F79EFBC}") = "Clouseau", "Clouseau\Clouseau.csproj", "{3F8FB4CC-EEBB-4876-8D93-0C88B083D8E2}"
EndProject
Project("{FAE04EC0-301F-11D3-BF4B-00C04F79EFBC}") = "Clouseau.Tests", "Clouseau.Tests\Clouseau.Tests.csproj", "{417CB70B-5EC6-4239-A5BD-F90EB43BC568}"
EndProject
Global
	GlobalSection(SolutionConfigurationPlatforms) = preSolution
		Debug|Any CPU = Debug|Any CPU
		Release|Any CPU = Release|Any CPU
	EndGlobalSection
	GlobalSection(ProjectConfigurationPlatforms) = postSolution
		{3F8FB4CC-EEBB-4876-8D93-0C88B083D8E2}.Debug|Any CPU.ActiveCfg = Debug|Any CPU
		{3F8FB4CC-EEBB-4876-8D93-0C88B083D8E2}.Debug|Any CPU.Build.0 = Debug|Any CPU
		{3F8FB4CC-EEBB-4876-8D93-0C88B083D8E2}.Release|Any CPU.ActiveCfg = Release|Any CPU
		{3F8FB4CC-EEBB-4876-8D93-0C88B083D8E2}.Release|Any CPU.Build.0 = Release|Any CPU
		{417CB70B-5EC6-4239-A5BD-F90EB43BC568}.Debug|Any CPU.ActiveCfg = Debug|Any CPU
		{417CB70B-5EC6-4239-A5BD-F90EB43BC568}.Debug|Any CPU.Build.0 = Debug|Any CPU
		{417CB70B-5EC6-4239-A5BD-F90EB43BC568}.Release|Any CPU.ActiveCfg = Release|Any CPU
		{417CB70B-5EC6-4239-A5BD-F90EB43BC568}.Release|Any CPU.Build.0 = Release|Any CPU
	EndGlobalSection
	GlobalSection(SolutionProperties) = preSolution
		HideSolutionNode = FALSE
	EndGlobalSection
EndGlobal
